
Microsoft Visual Studio Solution File, Format Version 12.00
# Visual Studio 15
VisualStudioVersion = 15.0.27703.2018
MinimumVisualStudioVersion = 10.0.40219.1
Project("{FAE04EC0-301F-11D3-BF4B-00C04F79EFBC}") = "Assembly-CSharp", "Assembly-CSharp.csproj", "{DEC335C3-DC1F-3790-E06D-883477B7B352}"
EndProject
Global
	GlobalSection(SolutionConfigurationPlatforms) = preSolution
		Debug|Any CPU = Debug|Any CPU
		Release|Any CPU = Release|Any CPU
	EndGlobalSection
	GlobalSection(ProjectConfigurationPlatforms) = postSolution
		{DEC335C3-DC1F-3790-E06D-883477B7B352}.Debug|Any CPU.ActiveCfg = Debug|Any CPU
		{DEC335C3-DC1F-3790-E06D-883477B7B352}.Debug|Any CPU.Build.0 = Debug|Any CPU
		{DEC335C3-DC1F-3790-E06D-883477B7B352}.Release|Any CPU.ActiveCfg = Release|Any CPU
		{DEC335C3-DC1F-3790-E06D-883477B7B352}.Release|Any CPU.Build.0 = Release|Any CPU
	EndGlobalSection
	GlobalSection(SolutionProperties) = preSolution
		HideSolutionNode = FALSE
	EndGlobalSection
	GlobalSection(ExtensibilityGlobals) = postSolution
		SolutionGuid = {6559AEF0-BF27-4C67-885F-192D89902E19}
	EndGlobalSection
	GlobalSection(MonoDevelopProperties) = preSolution
		StartupItem = Assembly-CSharp.csproj
	EndGlobalSection
EndGlobal
